
Microsoft Visual Studio Solution File, Format Version 12.00
# Visual Studio Version 17
VisualStudioVersion = 17.14.36414.22 d17.14
MinimumVisualStudioVersion = 10.0.40219.1
Project("{FAE04EC0-301F-11D3-BF4B-00C04F79EFBC}") = "JenkinsAPI", "JenkinsAPI\JenkinsAPI.csproj", "{FD5EBE1D-8D3E-4A86-AAA3-C4516B785FED}"
EndProject
Global
	GlobalSection(SolutionConfigurationPlatforms) = preSolution
		Debug|Any CPU = Debug|Any CPU
		Release|Any CPU = Release|Any CPU
	EndGlobalSection
	GlobalSection(ProjectConfigurationPlatforms) = postSolution
		{FD5EBE1D-8D3E-4A86-AAA3-C4516B785FED}.Debug|Any CPU.ActiveCfg = Debug|Any CPU
		{FD5EBE1D-8D3E-4A86-AAA3-C4516B785FED}.Debug|Any CPU.Build.0 = Debug|Any CPU
		{FD5EBE1D-8D3E-4A86-AAA3-C4516B785FED}.Release|Any CPU.ActiveCfg = Release|Any CPU
		{FD5EBE1D-8D3E-4A86-AAA3-C4516B785FED}.Release|Any CPU.Build.0 = Release|Any CPU
	EndGlobalSection
	GlobalSection(SolutionProperties) = preSolution
		HideSolutionNode = FALSE
	EndGlobalSection
	GlobalSection(ExtensibilityGlobals) = postSolution
		SolutionGuid = {3917CD24-2BC4-4B8C-BC86-1D59F0595508}
	EndGlobalSection
EndGlobal
